
Microsoft Visual Studio Solution File, Format Version 12.00
# Visual Studio Version 16
VisualStudioVersion = 16.0.33130.400
MinimumVisualStudioVersion = 10.0.40219.1
Project("{8BC9CEB8-8B4A-11D0-8D11-00A0C91BC942}") = "test_12_31", "test_12_31\test_12_31.vcxproj", "{85815577-8F62-49F0-9543-E7B297EBEF3B}"
EndProject
Global
	GlobalSection(SolutionConfigurationPlatforms) = preSolution
		Debug|x64 = Debug|x64
		Debug|x86 = Debug|x86
		Release|x64 = Release|x64
		Release|x86 = Release|x86
	EndGlobalSection
	GlobalSection(ProjectConfigurationPlatforms) = postSolution
		{85815577-8F62-49F0-9543-E7B297EBEF3B}.Debug|x64.ActiveCfg = Debug|x64
		{85815577-8F62-49F0-9543-E7B297EBEF3B}.Debug|x64.Build.0 = Debug|x64
		{85815577-8F62-49F0-9543-E7B297EBEF3B}.Debug|x86.ActiveCfg = Debug|Win32
		{85815577-8F62-49F0-9543-E7B297EBEF3B}.Debug|x86.Build.0 = Debug|Win32
		{85815577-8F62-49F0-9543-E7B297EBEF3B}.Release|x64.ActiveCfg = Release|x64
		{85815577-8F62-49F0-9543-E7B297EBEF3B}.Release|x64.Build.0 = Release|x64
		{85815577-8F62-49F0-9543-E7B297EBEF3B}.Release|x86.ActiveCfg = Release|Win32
		{85815577-8F62-49F0-9543-E7B297EBEF3B}.Release|x86.Build.0 = Release|Win32
	EndGlobalSection
	GlobalSection(SolutionProperties) = preSolution
		HideSolutionNode = FALSE
	EndGlobalSection
	GlobalSection(ExtensibilityGlobals) = postSolution
		SolutionGuid = {5FB29B4D-BF0C-4F73-B7C7-3E921BA4ED6A}
	EndGlobalSection
EndGlobal
